
Microsoft Visual Studio Solution File, Format Version 12.00
# Visual Studio Version 17
VisualStudioVersion = 17.0.31903.59
MinimumVisualStudioVersion = 10.0.40219.1
Project("{9A19103F-16F7-4668-BE54-9A1E7A4F7556}") = "FtdiCore", "FtdiI2cCore\FtdiCore.csproj", "{2F1E1186-457D-4EE6-A65D-220D73F1BE45}"
EndProject
Project("{9A19103F-16F7-4668-BE54-9A1E7A4F7556}") = "OledI2cCore", "OledI2cCore\OledI2cCore.csproj", "{A58F9A12-5D5E-4F5E-A8B8-E8D8FDFA7C01}"
EndProject
Project("{9A19103F-16F7-4668-BE54-9A1E7A4F7556}") = "OledI2cCoreTests", "OledI2cCoreTests\OledI2cCoreTests.csproj", "{5FE76C99-3478-466E-97E0-7550753A887C}"
EndProject
Project("{9A19103F-16F7-4668-BE54-9A1E7A4F7556}") = "GpioI2cCoreTests", "GpioI2cCoreTests\GpioI2cCoreTests.csproj", "{83EF1380-6A07-4969-AB8D-46CC7F7D2B9E}"
EndProject
Project("{9A19103F-16F7-4668-BE54-9A1E7A4F7556}") = "GpioI2cCore", "GpioI2cCore\GpioI2cCore.csproj", "{0CCB360B-B09D-4EFA-86F7-25DDB1CC11D6}"
EndProject
Project("{9A19103F-16F7-4668-BE54-9A1E7A4F7556}") = "FtdiCore.Tests", "FtdiCore.Tests\FtdiCore.Tests.csproj", "{A2A434BE-F1E2-4D55-9B96-D115A9B727E0}"
EndProject
Project("{FAE04EC0-301F-11D3-BF4B-00C04F79EFBC}") = "OledI2cCore.RaspberryPiExample", "OledI2cCore.RaspberryPiExample\OledI2cCore.RaspberryPiExample.csproj", "{ACE8F357-5061-41AE-A0BD-8906EAF1D0C7}"
EndProject
Global
	GlobalSection(SolutionConfigurationPlatforms) = preSolution
		Debug|Any CPU = Debug|Any CPU
		Release|Any CPU = Release|Any CPU
	EndGlobalSection
	GlobalSection(ProjectConfigurationPlatforms) = postSolution
		{2F1E1186-457D-4EE6-A65D-220D73F1BE45}.Debug|Any CPU.ActiveCfg = Debug|Any CPU
		{2F1E1186-457D-4EE6-A65D-220D73F1BE45}.Debug|Any CPU.Build.0 = Debug|Any CPU
		{2F1E1186-457D-4EE6-A65D-220D73F1BE45}.Release|Any CPU.ActiveCfg = Release|Any CPU
		{2F1E1186-457D-4EE6-A65D-220D73F1BE45}.Release|Any CPU.Build.0 = Release|Any CPU
		{A58F9A12-5D5E-4F5E-A8B8-E8D8FDFA7C01}.Debug|Any CPU.ActiveCfg = Debug|Any CPU
		{A58F9A12-5D5E-4F5E-A8B8-E8D8FDFA7C01}.Debug|Any CPU.Build.0 = Debug|Any CPU
		{A58F9A12-5D5E-4F5E-A8B8-E8D8FDFA7C01}.Release|Any CPU.ActiveCfg = Release|Any CPU
		{A58F9A12-5D5E-4F5E-A8B8-E8D8FDFA7C01}.Release|Any CPU.Build.0 = Release|Any CPU
		{5FE76C99-3478-466E-97E0-7550753A887C}.Debug|Any CPU.ActiveCfg = Debug|Any CPU
		{5FE76C99-3478-466E-97E0-7550753A887C}.Debug|Any CPU.Build.0 = Debug|Any CPU
		{5FE76C99-3478-466E-97E0-7550753A887C}.Release|Any CPU.ActiveCfg = Release|Any CPU
		{5FE76C99-3478-466E-97E0-7550753A887C}.Release|Any CPU.Build.0 = Release|Any CPU
		{83EF1380-6A07-4969-AB8D-46CC7F7D2B9E}.Debug|Any CPU.ActiveCfg = Debug|Any CPU
		{83EF1380-6A07-4969-AB8D-46CC7F7D2B9E}.Debug|Any CPU.Build.0 = Debug|Any CPU
		{83EF1380-6A07-4969-AB8D-46CC7F7D2B9E}.Release|Any CPU.ActiveCfg = Release|Any CPU
		{83EF1380-6A07-4969-AB8D-46CC7F7D2B9E}.Release|Any CPU.Build.0 = Release|Any CPU
		{0CCB360B-B09D-4EFA-86F7-25DDB1CC11D6}.Debug|Any CPU.ActiveCfg = Debug|Any CPU
		{0CCB360B-B09D-4EFA-86F7-25DDB1CC11D6}.Debug|Any CPU.Build.0 = Debug|Any CPU
		{0CCB360B-B09D-4EFA-86F7-25DDB1CC11D6}.Release|Any CPU.ActiveCfg = Release|Any CPU
		{0CCB360B-B09D-4EFA-86F7-25DDB1CC11D6}.Release|Any CPU.Build.0 = Release|Any CPU
		{A2A434BE-F1E2-4D55-9B96-D115A9B727E0}.Debug|Any CPU.ActiveCfg = Debug|Any CPU
		{A2A434BE-F1E2-4D55-9B96-D115A9B727E0}.Debug|Any CPU.Build.0 = Debug|Any CPU
		{A2A434BE-F1E2-4D55-9B96-D115A9B727E0}.Release|Any CPU.ActiveCfg = Release|Any CPU
		{A2A434BE-F1E2-4D55-9B96-D115A9B727E0}.Release|Any CPU.Build.0 = Release|Any CPU
		{ACE8F357-5061-41AE-A0BD-8906EAF1D0C7}.Debug|Any CPU.ActiveCfg = Debug|Any CPU
		{ACE8F357-5061-41AE-A0BD-8906EAF1D0C7}.Debug|Any CPU.Build.0 = Debug|Any CPU
		{ACE8F357-5061-41AE-A0BD-8906EAF1D0C7}.Release|Any CPU.ActiveCfg = Release|Any CPU
		{ACE8F357-5061-41AE-A0BD-8906EAF1D0C7}.Release|Any CPU.Build.0 = Release|Any CPU
	EndGlobalSection
	GlobalSection(SolutionProperties) = preSolution
		HideSolutionNode = FALSE
	EndGlobalSection
	GlobalSection(ExtensibilityGlobals) = postSolution
		SolutionGuid = {9A4FD68B-2D93-4B47-89DC-B5BBF6A9E886}
	EndGlobalSection
EndGlobal
