
Microsoft Visual Studio Solution File, Format Version 12.00
# Visual Studio Version 16
VisualStudioVersion = 16.0.29215.179
MinimumVisualStudioVersion = 10.0.40219.1
Project("{9A19103F-16F7-4668-BE54-9A1E7A4F7556}") = "FtdiI2cCore", "FtdiI2cCore\FtdiI2cCore.csproj", "{2F1E1186-457D-4EE6-A65D-220D73F1BE45}"
EndProject
Project("{9A19103F-16F7-4668-BE54-9A1E7A4F7556}") = "OledI2cCore", "OledI2cCore\OledI2cCore.csproj", "{A58F9A12-5D5E-4F5E-A8B8-E8D8FDFA7C01}"
EndProject
Project("{9A19103F-16F7-4668-BE54-9A1E7A4F7556}") = "OledI2cCoreTests", "OledI2cCoreTests\OledI2cCoreTests.csproj", "{5FE76C99-3478-466E-97E0-7550753A887C}"
EndProject
Global
	GlobalSection(SolutionConfigurationPlatforms) = preSolution
		Debug|Any CPU = Debug|Any CPU
		Release|Any CPU = Release|Any CPU
	EndGlobalSection
	GlobalSection(ProjectConfigurationPlatforms) = postSolution
		{2F1E1186-457D-4EE6-A65D-220D73F1BE45}.Debug|Any CPU.ActiveCfg = Debug|Any CPU
		{2F1E1186-457D-4EE6-A65D-220D73F1BE45}.Debug|Any CPU.Build.0 = Debug|Any CPU
		{2F1E1186-457D-4EE6-A65D-220D73F1BE45}.Release|Any CPU.ActiveCfg = Release|Any CPU
		{2F1E1186-457D-4EE6-A65D-220D73F1BE45}.Release|Any CPU.Build.0 = Release|Any CPU
		{A58F9A12-5D5E-4F5E-A8B8-E8D8FDFA7C01}.Debug|Any CPU.ActiveCfg = Debug|Any CPU
		{A58F9A12-5D5E-4F5E-A8B8-E8D8FDFA7C01}.Debug|Any CPU.Build.0 = Debug|Any CPU
		{A58F9A12-5D5E-4F5E-A8B8-E8D8FDFA7C01}.Release|Any CPU.ActiveCfg = Release|Any CPU
		{A58F9A12-5D5E-4F5E-A8B8-E8D8FDFA7C01}.Release|Any CPU.Build.0 = Release|Any CPU
		{5FE76C99-3478-466E-97E0-7550753A887C}.Debug|Any CPU.ActiveCfg = Debug|Any CPU
		{5FE76C99-3478-466E-97E0-7550753A887C}.Debug|Any CPU.Build.0 = Debug|Any CPU
		{5FE76C99-3478-466E-97E0-7550753A887C}.Release|Any CPU.ActiveCfg = Release|Any CPU
		{5FE76C99-3478-466E-97E0-7550753A887C}.Release|Any CPU.Build.0 = Release|Any CPU
	EndGlobalSection
	GlobalSection(SolutionProperties) = preSolution
		HideSolutionNode = FALSE
	EndGlobalSection
	GlobalSection(ExtensibilityGlobals) = postSolution
		SolutionGuid = {9A4FD68B-2D93-4B47-89DC-B5BBF6A9E886}
	EndGlobalSection
EndGlobal
